{
  "lockfileVersion": 1,
  "configVersion": 1,
  "workspaces": {
    "": {
      "name": "webmcp-proof-clean-consumer",
      "dependencies": {
        "webmcp-proof": "file:../../.pack/webmcp-proof-0.0.1.tgz",
      },
    },
  },
  "packages": {
    "webmcp-proof": ["webmcp-proof@../../.pack/webmcp-proof-0.0.1.tgz", {}, "sha512-6nOSR2wsyVBOZisReRmYx6s5NXJ6/iIVJB1UfgoSgeK0++A1s/YV9bMRpRdjchcmC/YriUv5+wy9vx54t3EnAw=="],
  }
}
